
Microsoft Visual Studio Solution File, Format Version 12.00
# Visual Studio 15
VisualStudioVersion = 15.0.28307.1000
MinimumVisualStudioVersion = 10.0.40219.1
Project("{F184B08F-C81C-45F6-A57F-5ABD9991F28F}") = "PlanitDate", "PlanitDate\PlanitDate.vbproj", "{F09704B4-B3AC-4602-B048-60122D8B434C}"
EndProject
Global
	GlobalSection(SolutionConfigurationPlatforms) = preSolution
		Debug|Any CPU = Debug|Any CPU
		Release|Any CPU = Release|Any CPU
	EndGlobalSection
	GlobalSection(ProjectConfigurationPlatforms) = postSolution
		{F09704B4-B3AC-4602-B048-60122D8B434C}.Debug|Any CPU.ActiveCfg = Debug|Any CPU
		{F09704B4-B3AC-4602-B048-60122D8B434C}.Debug|Any CPU.Build.0 = Debug|Any CPU
		{F09704B4-B3AC-4602-B048-60122D8B434C}.Release|Any CPU.ActiveCfg = Release|Any CPU
		{F09704B4-B3AC-4602-B048-60122D8B434C}.Release|Any CPU.Build.0 = Release|Any CPU
	EndGlobalSection
	GlobalSection(SolutionProperties) = preSolution
		HideSolutionNode = FALSE
	EndGlobalSection
	GlobalSection(ExtensibilityGlobals) = postSolution
		SolutionGuid = {B39770DE-697A-494B-B1D0-F8A1B47C39C9}
	EndGlobalSection
EndGlobal
